
Microsoft Visual Studio Solution File, Format Version 12.00
# Visual Studio Version 17
Project("{8BC9CEB8-8B4A-11D0-8D11-00A0C91BC942}") = "ALL_BUILD", "ALL_BUILD.vcxproj", "{9405E8BE-A02A-3E88-A78E-63C7553140DC}"
	ProjectSection(ProjectDependencies) = postProject
		{81434D9A-EF5B-3F4C-8558-396A0E93237B} = {81434D9A-EF5B-3F4C-8558-396A0E93237B}
		{9965333F-A489-317F-B23D-DF2B198975DD} = {9965333F-A489-317F-B23D-DF2B198975DD}
	EndProjectSection
EndProject
Project("{8BC9CEB8-8B4A-11D0-8D11-00A0C91BC942}") = "ZERO_CHECK", "ZERO_CHECK.vcxproj", "{81434D9A-EF5B-3F4C-8558-396A0E93237B}"
	ProjectSection(ProjectDependencies) = postProject
	EndProjectSection
EndProject
Project("{8BC9CEB8-8B4A-11D0-8D11-00A0C91BC942}") = "custom_bouncing_ball", "custom_bouncing_ball.vcxproj", "{9965333F-A489-317F-B23D-DF2B198975DD}"
	ProjectSection(ProjectDependencies) = postProject
		{81434D9A-EF5B-3F4C-8558-396A0E93237B} = {81434D9A-EF5B-3F4C-8558-396A0E93237B}
	EndProjectSection
EndProject
Global
	GlobalSection(SolutionConfigurationPlatforms) = preSolution
		Debug|x64 = Debug|x64
		Release|x64 = Release|x64
	EndGlobalSection
	GlobalSection(ProjectConfigurationPlatforms) = postSolution
		{9405E8BE-A02A-3E88-A78E-63C7553140DC}.Debug|x64.ActiveCfg = Debug|x64
		{9405E8BE-A02A-3E88-A78E-63C7553140DC}.Release|x64.ActiveCfg = Release|x64
		{81434D9A-EF5B-3F4C-8558-396A0E93237B}.Debug|x64.ActiveCfg = Debug|x64
		{81434D9A-EF5B-3F4C-8558-396A0E93237B}.Debug|x64.Build.0 = Debug|x64
		{81434D9A-EF5B-3F4C-8558-396A0E93237B}.Release|x64.ActiveCfg = Release|x64
		{81434D9A-EF5B-3F4C-8558-396A0E93237B}.Release|x64.Build.0 = Release|x64
		{9965333F-A489-317F-B23D-DF2B198975DD}.Debug|x64.ActiveCfg = Debug|x64
		{9965333F-A489-317F-B23D-DF2B198975DD}.Debug|x64.Build.0 = Debug|x64
		{9965333F-A489-317F-B23D-DF2B198975DD}.Release|x64.ActiveCfg = Release|x64
		{9965333F-A489-317F-B23D-DF2B198975DD}.Release|x64.Build.0 = Release|x64
	EndGlobalSection
	GlobalSection(ExtensibilityGlobals) = postSolution
		SolutionGuid = {FF884F7F-B02B-3831-9E26-6D7AD5B27AD4}
	EndGlobalSection
	GlobalSection(ExtensibilityAddIns) = postSolution
	EndGlobalSection
EndGlobal
