<?xml version="1.0" encoding="utf-8"?>
<Project ToolsVersion="17.0" xmlns="http://schemas.microsoft.com/developer/msbuild/2003">
  <ItemGroup>
    <CustomBuild Include="F:\GitHubRepos\bouncingball_fmu_example\custom_bouncing_ball_grt_fmi_rtw\CMakeFiles\17461530a43a730c17131a6239d8ce4f\generate.stamp.rule">
      <Filter>CMake Rules</Filter>
    </CustomBuild>
  </ItemGroup>
  <ItemGroup>
    <Filter Include="CMake Rules">
      <UniqueIdentifier>{622D3F22-FC9C-32E4-B124-197A6CF26184}</UniqueIdentifier>
    </Filter>
  </ItemGroup>
</Project>
